PODS:
  - CLTypingLabel (0.4.0)
  - GIFImageView (0.1.0)
  - SwiftyGif (5.3.0)

DEPENDENCIES:
  - CLTypingLabel
  - GIFImageView
  - SwiftyGif

SPEC REPOS:
  trunk:
    - CLTypingLabel
    - GIFImageView
    - SwiftyGif

SPEC CHECKSUMS:
  CLTypingLabel: 95a7d1faf7e3d1d952cd11cb0491d17d80c50934
  GIFImageView: cd6a500b9bac1942cb66b73452b97baa6e75280d
  SwiftyGif: e466e86c660d343357ab944a819a101c4127cb40

PODFILE CHECKSUM: df3f4e586b5f95c92122b8ce0e08877496c6a068

COCOAPODS: 1.10.0
