// !$*UTF8*$!
{
	archiveVersion = 1;
	classes = {
	};
	objectVersion = 50;
	objects = {

/* Begin PBXBuildFile section */
		55FD816009F378E2E753B530 /* Pods_CovidInforma.framework in Frameworks */ = {isa = PBXBuildFile; fileRef = C8A70965762849CEF50F9FD4 /* Pods_CovidInforma.framework */; };
		91E04DD8258070CF00C73307 /* AppDelegate.swift in Sources */ = {isa = PBXBuildFile; fileRef = 91E04DD7258070CF00C73307 /* AppDelegate.swift */; };
		91E04DDA258070CF00C73307 /* SceneDelegate.swift in Sources */ = {isa = PBXBuildFile; fileRef = 91E04DD9258070CF00C73307 /* SceneDelegate.swift */; };
		91E04DDC258070CF00C73307 /* ViewController.swift in Sources */ = {isa = PBXBuildFile; fileRef = 91E04DDB258070CF00C73307 /* ViewController.swift */; };
		91E04DDF258070CF00C73307 /* Main.storyboard in Resources */ = {isa = PBXBuildFile; fileRef = 91E04DDD258070CF00C73307 /* Main.storyboard */; };
		91E04DE1258070D200C73307 /* Assets.xcassets in Resources */ = {isa = PBXBuildFile; fileRef = 91E04DE0258070D200C73307 /* Assets.xcassets */; };
		91E04DE4258070D200C73307 /* LaunchScreen.storyboard in Resources */ = {isa = PBXBuildFile; fileRef = 91E04DE2258070D200C73307 /* LaunchScreen.storyboard */; };
/* End PBXBuildFile section */

/* Begin PBXFileReference section */
		704B9545EF6E615F8D4D54FD /* Pods-CovidInforma.debug.xcconfig */ = {isa = PBXFileReference; includeInIndex = 1; lastKnownFileType = text.xcconfig; name = "Pods-CovidInforma.debug.xcconfig"; path = "Target Support Files/Pods-CovidInforma/Pods-CovidInforma.debug.xcconfig"; sourceTree = "<group>"; };
		91E04DD4258070CF00C73307 /* CovidInforma.app */ = {isa = PBXFileReference; explicitFileType = wrapper.application; includeInIndex = 0; path = CovidInforma.app; sourceTree = BUILT_PRODUCTS_DIR; };
		91E04DD7258070CF00C73307 /* AppDelegate.swift */ = {isa = PBXFileReference; lastKnownFileType = sourcecode.swift; path = AppDelegate.swift; sourceTree = "<group>"; };
		91E04DD9258070CF00C73307 /* SceneDelegate.swift */ = {isa = PBXFileReference; lastKnownFileType = sourcecode.swift; path = SceneDelegate.swift; sourceTree = "<group>"; };
		91E04DDB258070CF00C73307 /* ViewController.swift */ = {isa = PBXFileReference; lastKnownFileType = sourcecode.swift; path = ViewController.swift; sourceTree = "<group>"; };
		91E04DDE258070CF00C73307 /* Base */ = {isa = PBXFileReference; lastKnownFileType = file.storyboard; name = Base; path = Base.lproj/Main.storyboard; sourceTree = "<group>"; };
		91E04DE0258070D200C73307 /* Assets.xcassets */ = {isa = PBXFileReference; lastKnownFileType = folder.assetcatalog; path = Assets.xcassets; sourceTree = "<group>"; };
		91E04DE3258070D200C73307 /* Base */ = {isa = PBXFileReference; lastKnownFileType = file.storyboard; name = Base; path = Base.lproj/LaunchScreen.storyboard; sourceTree = "<group>"; };
		91E04DE5258070D200C73307 /* Info.plist */ = {isa = PBXFileReference; lastKnownFileType = text.plist.xml; path = Info.plist; sourceTree = "<group>"; };
		AA62195CCCEA9E0D7DB8C800 /* Pods-CovidInforma.release.xcconfig */ = {isa = PBXFileReference; includeInIndex = 1; lastKnownFileType = text.xcconfig; name = "Pods-CovidInforma.release.xcconfig"; path = "Target Support Files/Pods-CovidInforma/Pods-CovidInforma.release.xcconfig"; sourceTree = "<group>"; };
		C8A70965762849CEF50F9FD4 /* Pods_CovidInforma.framework */ = {isa = PBXFileReference; explicitFileType = wrapper.framework; includeInIndex = 0; path = Pods_CovidInforma.framework; sourceTree = BUILT_PRODUCTS_DIR; };
/* End PBXFileReference section */

/* Begin PBXFrameworksBuildPhase section */
		91E04DD1258070CF00C73307 /* Frameworks */ = {
			isa = PBXFrameworksBuildPhase;
			buildActionMask = 2147483647;
			files = (
				55FD816009F378E2E753B530 /* Pods_CovidInforma.framework in Frameworks */,
			);
			runOnlyForDeploymentPostprocessing = 0;
		};
/* End PBXFrameworksBuildPhase section */

/* Begin PBXGroup section */
		5E2089D0FE6ABF906C20F6E0 /* Frameworks */ = {
			isa = PBXGroup;
			children = (
				C8A70965762849CEF50F9FD4 /* Pods_CovidInforma.framework */,
			);
			name = Frameworks;
			sourceTree = "<group>";
		};
		91E04DCB258070CF00C73307 = {
			isa = PBXGroup;
			children = (
				91E04DD6258070CF00C73307 /* CovidInforma */,
				91E04DD5258070CF00C73307 /* Products */,
				9352F1DE44D6AE37D4E105AB /* Pods */,
				5E2089D0FE6ABF906C20F6E0 /* Frameworks */,
			);
			sourceTree = "<group>";
		};
		91E04DD5258070CF00C73307 /* Products */ = {
			isa = PBXGroup;
			children = (
				91E04DD4258070CF00C73307 /* CovidInforma.app */,
			);
			name = Products;
			sourceTree = "<group>";
		};
		91E04DD6258070CF00C73307 /* CovidInforma */ = {
			isa = PBXGroup;
			children = (
				91E04DD7258070CF00C73307 /* AppDelegate.swift */,
				91E04DD9258070CF00C73307 /* SceneDelegate.swift */,
				91E04DDB258070CF00C73307 /* ViewController.swift */,
				91E04DDD258070CF00C73307 /* Main.storyboard */,
				91E04DE0258070D200C73307 /* Assets.xcassets */,
				91E04DE2258070D200C73307 /* LaunchScreen.storyboard */,
				91E04DE5258070D200C73307 /* Info.plist */,
			);
			path = CovidInforma;
			sourceTree = "<group>";
		};
		9352F1DE44D6AE37D4E105AB /* Pods */ = {
			isa = PBXGroup;
			children = (
				704B9545EF6E615F8D4D54FD /* Pods-CovidInforma.debug.xcconfig */,
				AA62195CCCEA9E0D7DB8C800 /* Pods-CovidInforma.release.xcconfig */,
			);
			name = Pods;
			path = Pods;
			sourceTree = "<group>";
		};
/* End PBXGroup section */

/* Begin PBXNativeTarget section */
		91E04DD3258070CF00C73307 /* CovidInforma */ = {
			isa = PBXNativeTarget;
			buildConfigurationList = 91E04DE8258070D200C73307 /* Build configuration list for PBXNativeTarget "CovidInforma" */;
			buildPhases = (
				E2E5C61588E57CA08ABAFCA2 /* [CP] Check Pods Manifest.lock */,
				91E04DD0258070CF00C73307 /* Sources */,
				91E04DD1258070CF00C73307 /* Frameworks */,
				91E04DD2258070CF00C73307 /* Resources */,
				B9B93A15A483AB11213F34A5 /* [CP] Embed Pods Frameworks */,
			);
			buildRules = (
			);
			dependencies = (
			);
			name = CovidInforma;
			productName = CovidInforma;
			productReference = 91E04DD4258070CF00C73307 /* CovidInforma.app */;
			productType = "com.apple.product-type.application";
		};
/* End PBXNativeTarget section */

/* Begin PBXProject section */
		91E04DCC258070CF00C73307 /* Project object */ = {
			isa = PBXProject;
			attributes = {
				LastSwiftUpdateCheck = 1220;
				LastUpgradeCheck = 1220;
				TargetAttributes = {
					91E04DD3258070CF00C73307 = {
						CreatedOnToolsVersion = 12.2;
					};
				};
			};
			buildConfigurationList = 91E04DCF258070CF00C73307 /* Build configuration list for PBXProject "CovidInforma" */;
			compatibilityVersion = "Xcode 9.3";
			developmentRegion = en;
			hasScannedForEncodings = 0;
			knownRegions = (
				en,
				Base,
			);
			mainGroup = 91E04DCB258070CF00C73307;
			productRefGroup = 91E04DD5258070CF00C73307 /* Products */;
			projectDirPath = "";
			projectRoot = "";
			targets = (
				91E04DD3258070CF00C73307 /* CovidInforma */,
			);
		};
/* End PBXProject section */

/* Begin PBXResourcesBuildPhase section */
		91E04DD2258070CF00C73307 /* Resources */ = {
			isa = PBXResourcesBuildPhase;
			buildActionMask = 2147483647;
			files = (
				91E04DE4258070D200C73307 /* LaunchScreen.storyboard in Resources */,
				91E04DE1258070D200C73307 /* Assets.xcassets in Resources */,
				91E04DDF258070CF00C73307 /* Main.storyboard in Resources */,
			);
			runOnlyForDeploymentPostprocessing = 0;
		};
/* End PBXResourcesBuildPhase section */

/* Begin PBXShellScriptBuildPhase section */
		B9B93A15A483AB11213F34A5 /* [CP] Embed Pods Frameworks */ = {
			isa = PBXShellScriptBuildPhase;
			buildActionMask = 2147483647;
			files = (
			);
			inputFileListPaths = (
				"${PODS_ROOT}/Target Support Files/Pods-CovidInforma/Pods-CovidInforma-frameworks-${CONFIGURATION}-input-files.xcfilelist",
			);
			name = "[CP] Embed Pods Frameworks";
			outputFileListPaths = (
				"${PODS_ROOT}/Target Support Files/Pods-CovidInforma/Pods-CovidInforma-frameworks-${CONFIGURATION}-output-files.xcfilelist",
			);
			runOnlyForDeploymentPostprocessing = 0;
			shellPath = /bin/sh;
			shellScript = "\"${PODS_ROOT}/Target Support Files/Pods-CovidInforma/Pods-CovidInforma-frameworks.sh\"\n";
			showEnvVarsInLog = 0;
		};
		E2E5C61588E57CA08ABAFCA2 /* [CP] Check Pods Manifest.lock */ = {
			isa = PBXShellScriptBuildPhase;
			buildActionMask = 2147483647;
			files = (
			);
			inputFileListPaths = (
			);
			inputPaths = (
				"${PODS_PODFILE_DIR_PATH}/Podfile.lock",
				"${PODS_ROOT}/Manifest.lock",
			);
			name = "[CP] Check Pods Manifest.lock";
			outputFileListPaths = (
			);
			outputPaths = (
				"$(DERIVED_FILE_DIR)/Pods-CovidInforma-checkManifestLockResult.txt",
			);
			runOnlyForDeploymentPostprocessing = 0;
			shellPath = /bin/sh;
			shellScript = "diff \"${PODS_PODFILE_DIR_PATH}/Podfile.lock\" \"${PODS_ROOT}/Manifest.lock\" > /dev/null\nif [ $? != 0 ] ; then\n    # print error to STDERR\n    echo \"error: The sandbox is not in sync with the Podfile.lock. Run 'pod install' or update your CocoaPods installation.\" >&2\n    exit 1\nfi\n# This output is used by Xcode 'outputs' to avoid re-running this script phase.\necho \"SUCCESS\" > \"${SCRIPT_OUTPUT_FILE_0}\"\n";
			showEnvVarsInLog = 0;
		};
/* End PBXShellScriptBuildPhase section */

/* Begin PBXSourcesBuildPhase section */
		91E04DD0258070CF00C73307 /* Sources */ = {
			isa = PBXSourcesBuildPhase;
			buildActionMask = 2147483647;
			files = (
				91E04DDC258070CF00C73307 /* ViewController.swift in Sources */,
				91E04DD8258070CF00C73307 /* AppDelegate.swift in Sources */,
				91E04DDA258070CF00C73307 /* SceneDelegate.swift in Sources */,
			);
			runOnlyForDeploymentPostprocessing = 0;
		};
/* End PBXSourcesBuildPhase section */

/* Begin PBXVariantGroup section */
		91E04DDD258070CF00C73307 /* Main.storyboard */ = {
			isa = PBXVariantGroup;
			children = (
				91E04DDE258070CF00C73307 /* Base */,
			);
			name = Main.storyboard;
			sourceTree = "<group>";
		};
		91E04DE2258070D200C73307 /* LaunchScreen.storyboard */ = {
			isa = PBXVariantGroup;
			children = (
				91E04DE3258070D200C73307 /* Base */,
			);
			name = LaunchScreen.storyboard;
			sourceTree = "<group>";
		};
/* End PBXVariantGroup section */

/* Begin XCBuildConfiguration section */
		91E04DE6258070D200C73307 /* Debug */ = {
			isa = XCBuildConfiguration;
			buildSettings = {
				ALWAYS_SEARCH_USER_PATHS = NO;
				CLANG_ANALYZER_NONNULL = YES;
				CLANG_ANALYZER_NUMBER_OBJECT_CONVERSION = YES_AGGRESSIVE;
				CLANG_CXX_LANGUAGE_STANDARD = "gnu++14";
				CLANG_CXX_LIBRARY = "libc++";
				CLANG_ENABLE_MODULES = YES;
				CLANG_ENABLE_OBJC_ARC = YES;
				CLANG_ENABLE_OBJC_WEAK = YES;
				CLANG_WARN_BLOCK_CAPTURE_AUTORELEASING = YES;
				CLANG_WARN_BOOL_CONVERSION = YES;
				CLANG_WARN_COMMA = YES;
				CLANG_WARN_CONSTANT_CONVERSION = YES;
				CLANG_WARN_DEPRECATED_OBJC_IMPLEMENTATIONS = YES;
				CLANG_WARN_DIRECT_OBJC_ISA_USAGE = YES_ERROR;
				CLANG_WARN_DOCUMENTATION_COMMENTS = YES;
				CLANG_WARN_EMPTY_BODY = YES;
				CLANG_WARN_ENUM_CONVERSION = YES;
				CLANG_WARN_INFINITE_RECURSION = YES;
				CLANG_WARN_INT_CONVERSION = YES;
				CLANG_WARN_NON_LITERAL_NULL_CONVERSION = YES;
				CLANG_WARN_OBJC_IMPLICIT_RETAIN_SELF = YES;
				CLANG_WARN_OBJC_LITERAL_CONVERSION = YES;
				CLANG_WARN_OBJC_ROOT_CLASS = YES_ERROR;
				CLANG_WARN_QUOTED_INCLUDE_IN_FRAMEWORK_HEADER = YES;
				CLANG_WARN_RANGE_LOOP_ANALYSIS = YES;
				CLANG_WARN_STRICT_PROTOTYPES = YES;
				CLANG_WARN_SUSPICIOUS_MOVE = YES;
				CLANG_WARN_UNGUARDED_AVAILABILITY = YES_AGGRESSIVE;
				CLANG_WARN_UNREACHABLE_CODE = YES;
				CLANG_WARN__DUPLICATE_METHOD_MATCH = YES;
				COPY_PHASE_STRIP = NO;
				DEBUG_INFORMATION_FORMAT = dwarf;
				ENABLE_STRICT_OBJC_MSGSEND = YES;
				ENABLE_TESTABILITY = YES;
				GCC_C_LANGUAGE_STANDARD = gnu11;
				GCC_DYNAMIC_NO_PIC = NO;
				GCC_NO_COMMON_BLOCKS = YES;
				GCC_OPTIMIZATION_LEVEL = 0;
				GCC_PREPROCESSOR_DEFINITIONS = (
					"DEBUG=1",
					"$(inherited)",
				);
				GCC_WARN_64_TO_32_BIT_CONVERSION = YES;
				GCC_WARN_ABOUT_RETURN_TYPE = YES_ERROR;
				GCC_WARN_UNDECLARED_SELECTOR = YES;
				GCC_WARN_UNINITIALIZED_AUTOS = YES_AGGRESSIVE;
				GCC_WARN_UNUSED_FUNCTION = YES;
				GCC_WARN_UNUSED_VARIABLE = YES;
				IPHONEOS_DEPLOYMENT_TARGET = 14.2;
				MTL_ENABLE_DEBUG_INFO = INCLUDE_SOURCE;
				MTL_FAST_MATH = YES;
				ONLY_ACTIVE_ARCH = YES;
				SDKROOT = iphoneos;
				SWIFT_ACTIVE_COMPILATION_CONDITIONS = DEBUG;
				SWIFT_OPTIMIZATION_LEVEL = "-Onone";
			};
			name = Debug;
		};
		91E04DE7258070D200C73307 /* Release */ = {
			isa = XCBuildConfiguration;
			buildSettings = {
				ALWAYS_SEARCH_USER_PATHS = NO;
				CLANG_ANALYZER_NONNULL = YES;
				CLANG_ANALYZER_NUMBER_OBJECT_CONVERSION = YES_AGGRESSIVE;
				CLANG_CXX_LANGUAGE_STANDARD = "gnu++14";
				CLANG_CXX_LIBRARY = "libc++";
				CLANG_ENABLE_MODULES = YES;
				CLANG_ENABLE_OBJC_ARC = YES;
				CLANG_ENABLE_OBJC_WEAK = YES;
				CLANG_WARN_BLOCK_CAPTURE_AUTORELEASING = YES;
				CLANG_WARN_BOOL_CONVERSION = YES;
				CLANG_WARN_COMMA = YES;
				CLANG_WARN_CONSTANT_CONVERSION = YES;
				CLANG_WARN_DEPRECATED_OBJC_IMPLEMENTATIONS = YES;
				CLANG_WARN_DIRECT_OBJC_ISA_USAGE = YES_ERROR;
				CLANG_WARN_DOCUMENTATION_COMMENTS = YES;
				CLANG_WARN_EMPTY_BODY = YES;
				CLANG_WARN_ENUM_CONVERSION = YES;
				CLANG_WARN_INFINITE_RECURSION = YES;
				CLANG_WARN_INT_CONVERSION = YES;
				CLANG_WARN_NON_LITERAL_NULL_CONVERSION = YES;
				CLANG_WARN_OBJC_IMPLICIT_RETAIN_SELF = YES;
				CLANG_WARN_OBJC_LITERAL_CONVERSION = YES;
				CLANG_WARN_OBJC_ROOT_CLASS = YES_ERROR;
				CLANG_WARN_QUOTED_INCLUDE_IN_FRAMEWORK_HEADER = YES;
				CLANG_WARN_RANGE_LOOP_ANALYSIS = YES;
				CLANG_WARN_STRICT_PROTOTYPES = YES;
				CLANG_WARN_SUSPICIOUS_MOVE = YES;
				CLANG_WARN_UNGUARDED_AVAILABILITY = YES_AGGRESSIVE;
				CLANG_WARN_UNREACHABLE_CODE = YES;
				CLANG_WARN__DUPLICATE_METHOD_MATCH = YES;
				COPY_PHASE_STRIP = NO;
				DEBUG_INFORMATION_FORMAT = "dwarf-with-dsym";
				ENABLE_NS_ASSERTIONS = NO;
				ENABLE_STRICT_OBJC_MSGSEND = YES;
				GCC_C_LANGUAGE_STANDARD = gnu11;
				GCC_NO_COMMON_BLOCKS = YES;
				GCC_WARN_64_TO_32_BIT_CONVERSION = YES;
				GCC_WARN_ABOUT_RETURN_TYPE = YES_ERROR;
				GCC_WARN_UNDECLARED_SELECTOR = YES;
				GCC_WARN_UNINITIALIZED_AUTOS = YES_AGGRESSIVE;
				GCC_WARN_UNUSED_FUNCTION = YES;
				GCC_WARN_UNUSED_VARIABLE = YES;
				IPHONEOS_DEPLOYMENT_TARGET = 14.2;
				MTL_ENABLE_DEBUG_INFO = NO;
				MTL_FAST_MATH = YES;
				SDKROOT = iphoneos;
				SWIFT_COMPILATION_MODE = wholemodule;
				SWIFT_OPTIMIZATION_LEVEL = "-O";
				VALIDATE_PRODUCT = YES;
			};
			name = Release;
		};
		91E04DE9258070D200C73307 /* Debug */ = {
			isa = XCBuildConfiguration;
			baseConfigurationReference = 704B9545EF6E615F8D4D54FD /* Pods-CovidInforma.debug.xcconfig */;
			buildSettings = {
				ASSETCATALOG_COMPILER_APPICON_NAME = AppIcon;
				ASSETCATALOG_COMPILER_GLOBAL_ACCENT_COLOR_NAME = AccentColor;
				CODE_SIGN_STYLE = Automatic;
				DEVELOPMENT_TEAM = T93K8PW7N6;
				INFOPLIST_FILE = CovidInforma/Info.plist;
				LD_RUNPATH_SEARCH_PATHS = (
					"$(inherited)",
					"@executable_path/Frameworks",
				);
				PRODUCT_BUNDLE_IDENTIFIER = rosario.CovidInforma;
				PRODUCT_NAME = "$(TARGET_NAME)";
				SWIFT_VERSION = 5.0;
				TARGETED_DEVICE_FAMILY = "1,2";
			};
			name = Debug;
		};
		91E04DEA258070D200C73307 /* Release */ = {
			isa = XCBuildConfiguration;
			baseConfigurationReference = AA62195CCCEA9E0D7DB8C800 /* Pods-CovidInforma.release.xcconfig */;
			buildSettings = {
				ASSETCATALOG_COMPILER_APPICON_NAME = AppIcon;
				ASSETCATALOG_COMPILER_GLOBAL_ACCENT_COLOR_NAME = AccentColor;
				CODE_SIGN_STYLE = Automatic;
				DEVELOPMENT_TEAM = T93K8PW7N6;
				INFOPLIST_FILE = CovidInforma/Info.plist;
				LD_RUNPATH_SEARCH_PATHS = (
					"$(inherited)",
					"@executable_path/Frameworks",
				);
				PRODUCT_BUNDLE_IDENTIFIER = rosario.CovidInforma;
				PRODUCT_NAME = "$(TARGET_NAME)";
				SWIFT_VERSION = 5.0;
				TARGETED_DEVICE_FAMILY = "1,2";
			};
			name = Release;
		};
/* End XCBuildConfiguration section */

/* Begin XCConfigurationList section */
		91E04DCF258070CF00C73307 /* Build configuration list for PBXProject "CovidInforma" */ = {
			isa = XCConfigurationList;
			buildConfigurations = (
				91E04DE6258070D200C73307 /* Debug */,
				91E04DE7258070D200C73307 /* Release */,
			);
			defaultConfigurationIsVisible = 0;
			defaultConfigurationName = Release;
		};
		91E04DE8258070D200C73307 /* Build configuration list for PBXNativeTarget "CovidInforma" */ = {
			isa = XCConfigurationList;
			buildConfigurations = (
				91E04DE9258070D200C73307 /* Debug */,
				91E04DEA258070D200C73307 /* Release */,
			);
			defaultConfigurationIsVisible = 0;
			defaultConfigurationName = Release;
		};
/* End XCConfigurationList section */
	};
	rootObject = 91E04DCC258070CF00C73307 /* Project object */;
}
